// !$*UTF8*$!
{
	archiveVersion = 1;
	classes = {
	};
	objectVersion = 56;
	objects = {

/* Begin PBXBuildFile section */
		0E19B6FD29E0802700F92298 /* AppDelegate.swift in Sources */ = {isa = PBXBuildFile; fileRef = 0E19B6FC29E0802700F92298 /* AppDelegate.swift */; };
		0E19B70129E0802700F92298 /* Actions.sks in Resources */ = {isa = PBXBuildFile; fileRef = 0E19B70029E0802700F92298 /* Actions.sks */; };
		0E19B70529E0802700F92298 /* GameViewController.swift in Sources */ = {isa = PBXBuildFile; fileRef = 0E19B70429E0802700F92298 /* GameViewController.swift */; };
		0E19B70829E0802700F92298 /* Main.storyboard in Resources */ = {isa = PBXBuildFile; fileRef = 0E19B70629E0802700F92298 /* Main.storyboard */; };
		0E19B70D29E0802900F92298 /* LaunchScreen.storyboard in Resources */ = {isa = PBXBuildFile; fileRef = 0E19B70B29E0802900F92298 /* LaunchScreen.storyboard */; };
		0E19B71629E0809700F92298 /* N05_Level01Gameplay_Village.sks in Resources */ = {isa = PBXBuildFile; fileRef = 0E19B71529E0809700F92298 /* N05_Level01Gameplay_Village.sks */; };
		0E19B71829E0813A00F92298 /* N05_Level01Gameplay_Village.swift in Sources */ = {isa = PBXBuildFile; fileRef = 0E19B71729E0813A00F92298 /* N05_Level01Gameplay_Village.swift */; };
		0E19B71B29E3707900F92298 /* mouse_1.png in Resources */ = {isa = PBXBuildFile; fileRef = 0E19B71A29E3707900F92298 /* mouse_1.png */; };
		0E19B71D29E371C700F92298 /* cat.png in Resources */ = {isa = PBXBuildFile; fileRef = 0E19B71C29E371C700F92298 /* cat.png */; };
		0E19B71F29E4050700F92298 /* wall.sks in Resources */ = {isa = PBXBuildFile; fileRef = 0E19B71E29E4050700F92298 /* wall.sks */; };
		0E19B72529E42CF200F92298 /* mouse_2.png in Resources */ = {isa = PBXBuildFile; fileRef = 0E19B72429E42CF200F92298 /* mouse_2.png */; };
		0E19B72729E42CFE00F92298 /* mouse_3.png in Resources */ = {isa = PBXBuildFile; fileRef = 0E19B72629E42CFE00F92298 /* mouse_3.png */; };
		0E1E94CD29E6B7D1003BE696 /* N01_Intro.swift in Sources */ = {isa = PBXBuildFile; fileRef = 0E1E94CC29E6B7D1003BE696 /* N01_Intro.swift */; };
		0E1E94CF29E6B7EC003BE696 /* N01_Intro.sks in Resources */ = {isa = PBXBuildFile; fileRef = 0E1E94CE29E6B7EC003BE696 /* N01_Intro.sks */; };
		0E1E94D129E6B83E003BE696 /* N02_OriginalStory.swift in Sources */ = {isa = PBXBuildFile; fileRef = 0E1E94D029E6B83E003BE696 /* N02_OriginalStory.swift */; };
		0E1E94D329E6B852003BE696 /* N02_OriginalStory.sks in Resources */ = {isa = PBXBuildFile; fileRef = 0E1E94D229E6B852003BE696 /* N02_OriginalStory.sks */; };
		0E1E94D529E6B866003BE696 /* N03_HowToPlay.swift in Sources */ = {isa = PBXBuildFile; fileRef = 0E1E94D429E6B866003BE696 /* N03_HowToPlay.swift */; };
		0E1E94D729E6B87D003BE696 /* N03_HowToPlay.sks in Resources */ = {isa = PBXBuildFile; fileRef = 0E1E94D629E6B87D003BE696 /* N03_HowToPlay.sks */; };
		0E1E94D929E6B8AC003BE696 /* N04_Level01Intro.swift in Sources */ = {isa = PBXBuildFile; fileRef = 0E1E94D829E6B8AC003BE696 /* N04_Level01Intro.swift */; };
		0E1E94DB29E6B8C0003BE696 /* N04_Level01Intro.sks in Resources */ = {isa = PBXBuildFile; fileRef = 0E1E94DA29E6B8C0003BE696 /* N04_Level01Intro.sks */; };
		0E1E94E129E6B91C003BE696 /* N06_WinLevel01.swift in Sources */ = {isa = PBXBuildFile; fileRef = 0E1E94E029E6B91C003BE696 /* N06_WinLevel01.swift */; };
		0E1E94E329E6B92E003BE696 /* N06_WinLevel01.sks in Resources */ = {isa = PBXBuildFile; fileRef = 0E1E94E229E6B92E003BE696 /* N06_WinLevel01.sks */; };
		0E1E94E529E6B951003BE696 /* N07_Lose.swift in Sources */ = {isa = PBXBuildFile; fileRef = 0E1E94E429E6B951003BE696 /* N07_Lose.swift */; };
		0E1E94E729E6B960003BE696 /* N07_Lose.sks in Resources */ = {isa = PBXBuildFile; fileRef = 0E1E94E629E6B960003BE696 /* N07_Lose.sks */; };
		0E1E94E929E6B97D003BE696 /* N08_Level02Intro.swift in Sources */ = {isa = PBXBuildFile; fileRef = 0E1E94E829E6B97D003BE696 /* N08_Level02Intro.swift */; };
		0E1E94EB29E6B99C003BE696 /* N08_Level02Intro.sks in Resources */ = {isa = PBXBuildFile; fileRef = 0E1E94EA29E6B99C003BE696 /* N08_Level02Intro.sks */; };
		0E1E94F129E6B9E2003BE696 /* N10_FinalWin.swift in Sources */ = {isa = PBXBuildFile; fileRef = 0E1E94F029E6B9E2003BE696 /* N10_FinalWin.swift */; };
		0E1E94F329E6B9EE003BE696 /* N10_FinalWin.sks in Resources */ = {isa = PBXBuildFile; fileRef = 0E1E94F229E6B9EE003BE696 /* N10_FinalWin.sks */; };
		0E1E94F529E6BA00003BE696 /* N11_Credit.swift in Sources */ = {isa = PBXBuildFile; fileRef = 0E1E94F429E6BA00003BE696 /* N11_Credit.swift */; };
		0E1E94F729E6BA0E003BE696 /* N11_Credit.sks in Resources */ = {isa = PBXBuildFile; fileRef = 0E1E94F629E6BA0E003BE696 /* N11_Credit.sks */; };
		0E5D6CFE29E6CC6700716C76 /* N01_background.png in Resources */ = {isa = PBXBuildFile; fileRef = 0E5D6CFD29E6CC6700716C76 /* N01_background.png */; };
		0E5D6D0029E6CC6B00716C76 /* N02_background.png in Resources */ = {isa = PBXBuildFile; fileRef = 0E5D6CFF29E6CC6B00716C76 /* N02_background.png */; };
		0E5D6D0829E6E77C00716C76 /* Sound.mp3 in Resources */ = {isa = PBXBuildFile; fileRef = 0E5D6D0729E6E77C00716C76 /* Sound.mp3 */; };
		0E5D6D0A29E6E7B900716C76 /* N01_button.png in Resources */ = {isa = PBXBuildFile; fileRef = 0E5D6D0929E6E7B900716C76 /* N01_button.png */; };
		0E5D6D0D29E6E98100716C76 /* N01_cat.png in Resources */ = {isa = PBXBuildFile; fileRef = 0E5D6D0B29E6E98100716C76 /* N01_cat.png */; };
		0E5D6D0E29E6E98100716C76 /* N01_mice.png in Resources */ = {isa = PBXBuildFile; fileRef = 0E5D6D0C29E6E98100716C76 /* N01_mice.png */; };
		0E5D6D1129E6EF3800716C76 /* N02_button.png in Resources */ = {isa = PBXBuildFile; fileRef = 0E5D6D1029E6EF3800716C76 /* N02_button.png */; };
		0E5D6D1429E6F23200716C76 /* N03_button.png in Resources */ = {isa = PBXBuildFile; fileRef = 0E5D6D1329E6F23200716C76 /* N03_button.png */; };
		0E5D6D1629E6F25200716C76 /* N03_mouse.png in Resources */ = {isa = PBXBuildFile; fileRef = 0E5D6D1529E6F25200716C76 /* N03_mouse.png */; };
		0E5D6D1829E6F40E00716C76 /* N03_background.png in Resources */ = {isa = PBXBuildFile; fileRef = 0E5D6D1729E6F40E00716C76 /* N03_background.png */; };
		0E691FB429E797D70046F28F /* mouse_4.png in Resources */ = {isa = PBXBuildFile; fileRef = 0E691FB329E797D70046F28F /* mouse_4.png */; };
		0E770D9329E5A92A00C11C22 /* N09_Level02Gameplay_OnGrass.swift in Sources */ = {isa = PBXBuildFile; fileRef = 0E770D9229E5A92A00C11C22 /* N09_Level02Gameplay_OnGrass.swift */; };
		0E770D9529E5A93F00C11C22 /* N09_Level02Gameplay_OnGrass.sks in Resources */ = {isa = PBXBuildFile; fileRef = 0E770D9429E5A93F00C11C22 /* N09_Level02Gameplay_OnGrass.sks */; };
		0E770D9729E5BB4100C11C22 /* leaf.png in Resources */ = {isa = PBXBuildFile; fileRef = 0E770D9629E5BB4100C11C22 /* leaf.png */; };
		0E770D9929E5C13C00C11C22 /* mouse.png in Resources */ = {isa = PBXBuildFile; fileRef = 0E770D9829E5C13C00C11C22 /* mouse.png */; };
		0EADE49029E44E4D004B142D /* exitHole.png in Resources */ = {isa = PBXBuildFile; fileRef = 0EADE48F29E44E4D004B142D /* exitHole.png */; };
/* End PBXBuildFile section */

/* Begin PBXFileReference section */
		0E19B6F929E0802700F92298 /* mice_wedding.app */ = {isa = PBXFileReference; explicitFileType = wrapper.application; includeInIndex = 0; path = mice_wedding.app; sourceTree = BUILT_PRODUCTS_DIR; };
		0E19B6FC29E0802700F92298 /* AppDelegate.swift */ = {isa = PBXFileReference; lastKnownFileType = sourcecode.swift; path = AppDelegate.swift; sourceTree = "<group>"; };
		0E19B70029E0802700F92298 /* Actions.sks */ = {isa = PBXFileReference; lastKnownFileType = file.sks; path = Actions.sks; sourceTree = "<group>"; };
		0E19B70429E0802700F92298 /* GameViewController.swift */ = {isa = PBXFileReference; lastKnownFileType = sourcecode.swift; path = GameViewController.swift; sourceTree = "<group>"; };
		0E19B70729E0802700F92298 /* Base */ = {isa = PBXFileReference; lastKnownFileType = file.storyboard; name = Base; path = Base.lproj/Main.storyboard; sourceTree = "<group>"; };
		0E19B70C29E0802900F92298 /* Base */ = {isa = PBXFileReference; lastKnownFileType = file.storyboard; name = Base; path = Base.lproj/LaunchScreen.storyboard; sourceTree = "<group>"; };
		0E19B71529E0809700F92298 /* N05_Level01Gameplay_Village.sks */ = {isa = PBXFileReference; lastKnownFileType = file.sks; path = N05_Level01Gameplay_Village.sks; sourceTree = "<group>"; };
		0E19B71729E0813A00F92298 /* N05_Level01Gameplay_Village.swift */ = {isa = PBXFileReference; lastKnownFileType = sourcecode.swift; path = N05_Level01Gameplay_Village.swift; sourceTree = "<group>"; };
		0E19B71A29E3707900F92298 /* mouse_1.png */ = {isa = PBXFileReference; lastKnownFileType = image.png; path = mouse_1.png; sourceTree = "<group>"; };
		0E19B71C29E371C700F92298 /* cat.png */ = {isa = PBXFileReference; lastKnownFileType = image.png; path = cat.png; sourceTree = "<group>"; };
		0E19B71E29E4050700F92298 /* wall.sks */ = {isa = PBXFileReference; lastKnownFileType = file.sks; path = wall.sks; sourceTree = "<group>"; };
		0E19B72429E42CF200F92298 /* mouse_2.png */ = {isa = PBXFileReference; lastKnownFileType = image.png; path = mouse_2.png; sourceTree = "<group>"; };
		0E19B72629E42CFE00F92298 /* mouse_3.png */ = {isa = PBXFileReference; lastKnownFileType = image.png; path = mouse_3.png; sourceTree = "<group>"; };
		0E1E94CC29E6B7D1003BE696 /* N01_Intro.swift */ = {isa = PBXFileReference; lastKnownFileType = sourcecode.swift; path = N01_Intro.swift; sourceTree = "<group>"; };
		0E1E94CE29E6B7EC003BE696 /* N01_Intro.sks */ = {isa = PBXFileReference; lastKnownFileType = file.sks; path = N01_Intro.sks; sourceTree = "<group>"; };
		0E1E94D029E6B83E003BE696 /* N02_OriginalStory.swift */ = {isa = PBXFileReference; lastKnownFileType = sourcecode.swift; path = N02_OriginalStory.swift; sourceTree = "<group>"; };
		0E1E94D229E6B852003BE696 /* N02_OriginalStory.sks */ = {isa = PBXFileReference; lastKnownFileType = file.sks; path = N02_OriginalStory.sks; sourceTree = "<group>"; };
		0E1E94D429E6B866003BE696 /* N03_HowToPlay.swift */ = {isa = PBXFileReference; lastKnownFileType = sourcecode.swift; path = N03_HowToPlay.swift; sourceTree = "<group>"; };
		0E1E94D629E6B87D003BE696 /* N03_HowToPlay.sks */ = {isa = PBXFileReference; lastKnownFileType = file.sks; path = N03_HowToPlay.sks; sourceTree = "<group>"; };
		0E1E94D829E6B8AC003BE696 /* N04_Level01Intro.swift */ = {isa = PBXFileReference; lastKnownFileType = sourcecode.swift; path = N04_Level01Intro.swift; sourceTree = "<group>"; };
		0E1E94DA29E6B8C0003BE696 /* N04_Level01Intro.sks */ = {isa = PBXFileReference; lastKnownFileType = file.sks; path = N04_Level01Intro.sks; sourceTree = "<group>"; };
		0E1E94E029E6B91C003BE696 /* N06_WinLevel01.swift */ = {isa = PBXFileReference; lastKnownFileType = sourcecode.swift; path = N06_WinLevel01.swift; sourceTree = "<group>"; };
		0E1E94E229E6B92E003BE696 /* N06_WinLevel01.sks */ = {isa = PBXFileReference; lastKnownFileType = file.sks; path = N06_WinLevel01.sks; sourceTree = "<group>"; };
		0E1E94E429E6B951003BE696 /* N07_Lose.swift */ = {isa = PBXFileReference; lastKnownFileType = sourcecode.swift; path = N07_Lose.swift; sourceTree = "<group>"; };
		0E1E94E629E6B960003BE696 /* N07_Lose.sks */ = {isa = PBXFileReference; lastKnownFileType = file.sks; path = N07_Lose.sks; sourceTree = "<group>"; };
		0E1E94E829E6B97D003BE696 /* N08_Level02Intro.swift */ = {isa = PBXFileReference; lastKnownFileType = sourcecode.swift; path = N08_Level02Intro.swift; sourceTree = "<group>"; };
		0E1E94EA29E6B99C003BE696 /* N08_Level02Intro.sks */ = {isa = PBXFileReference; lastKnownFileType = file.sks; path = N08_Level02Intro.sks; sourceTree = "<group>"; };
		0E1E94F029E6B9E2003BE696 /* N10_FinalWin.swift */ = {isa = PBXFileReference; lastKnownFileType = sourcecode.swift; path = N10_FinalWin.swift; sourceTree = "<group>"; };
		0E1E94F229E6B9EE003BE696 /* N10_FinalWin.sks */ = {isa = PBXFileReference; lastKnownFileType = file.sks; path = N10_FinalWin.sks; sourceTree = "<group>"; };
		0E1E94F429E6BA00003BE696 /* N11_Credit.swift */ = {isa = PBXFileReference; lastKnownFileType = sourcecode.swift; path = N11_Credit.swift; sourceTree = "<group>"; };
		0E1E94F629E6BA0E003BE696 /* N11_Credit.sks */ = {isa = PBXFileReference; lastKnownFileType = file.sks; path = N11_Credit.sks; sourceTree = "<group>"; };
		0E5D6CFD29E6CC6700716C76 /* N01_background.png */ = {isa = PBXFileReference; lastKnownFileType = image.png; path = N01_background.png; sourceTree = "<group>"; };
		0E5D6CFF29E6CC6B00716C76 /* N02_background.png */ = {isa = PBXFileReference; lastKnownFileType = image.png; path = N02_background.png; sourceTree = "<group>"; };
		0E5D6D0729E6E77C00716C76 /* Sound.mp3 */ = {isa = PBXFileReference; lastKnownFileType = audio.mp3; path = Sound.mp3; sourceTree = "<group>"; };
		0E5D6D0929E6E7B900716C76 /* N01_button.png */ = {isa = PBXFileReference; lastKnownFileType = image.png; path = N01_button.png; sourceTree = "<group>"; };
		0E5D6D0B29E6E98100716C76 /* N01_cat.png */ = {isa = PBXFileReference; lastKnownFileType = image.png; path = N01_cat.png; sourceTree = "<group>"; };
		0E5D6D0C29E6E98100716C76 /* N01_mice.png */ = {isa = PBXFileReference; lastKnownFileType = image.png; path = N01_mice.png; sourceTree = "<group>"; };
		0E5D6D1029E6EF3800716C76 /* N02_button.png */ = {isa = PBXFileReference; lastKnownFileType = image.png; path = N02_button.png; sourceTree = "<group>"; };
		0E5D6D1329E6F23200716C76 /* N03_button.png */ = {isa = PBXFileReference; lastKnownFileType = image.png; path = N03_button.png; sourceTree = "<group>"; };
		0E5D6D1529E6F25200716C76 /* N03_mouse.png */ = {isa = PBXFileReference; lastKnownFileType = image.png; path = N03_mouse.png; sourceTree = "<group>"; };
		0E5D6D1729E6F40E00716C76 /* N03_background.png */ = {isa = PBXFileReference; lastKnownFileType = image.png; path = N03_background.png; sourceTree = "<group>"; };
		0E691FB329E797D70046F28F /* mouse_4.png */ = {isa = PBXFileReference; lastKnownFileType = image.png; path = mouse_4.png; sourceTree = "<group>"; };
		0E770D9229E5A92A00C11C22 /* N09_Level02Gameplay_OnGrass.swift */ = {isa = PBXFileReference; lastKnownFileType = sourcecode.swift; path = N09_Level02Gameplay_OnGrass.swift; sourceTree = "<group>"; };
		0E770D9429E5A93F00C11C22 /* N09_Level02Gameplay_OnGrass.sks */ = {isa = PBXFileReference; lastKnownFileType = file.sks; path = N09_Level02Gameplay_OnGrass.sks; sourceTree = "<group>"; };
		0E770D9629E5BB4100C11C22 /* leaf.png */ = {isa = PBXFileReference; lastKnownFileType = image.png; path = leaf.png; sourceTree = "<group>"; };
		0E770D9829E5C13C00C11C22 /* mouse.png */ = {isa = PBXFileReference; lastKnownFileType = image.png; path = mouse.png; sourceTree = "<group>"; };
		0EADE48F29E44E4D004B142D /* exitHole.png */ = {isa = PBXFileReference; lastKnownFileType = image.png; path = exitHole.png; sourceTree = "<group>"; };
/* End PBXFileReference section */

/* Begin PBXFrameworksBuildPhase section */
		0E19B6F629E0802700F92298 /* Frameworks */ = {
			isa = PBXFrameworksBuildPhase;
			buildActionMask = 2147483647;
			files = (
			);
			runOnlyForDeploymentPostprocessing = 0;
		};
/* End PBXFrameworksBuildPhase section */

/* Begin PBXGroup section */
		0E19B6F029E0802700F92298 = {
			isa = PBXGroup;
			children = (
				0E19B6FB29E0802700F92298 /* mice_wedding */,
				0E19B6FA29E0802700F92298 /* Products */,
			);
			sourceTree = "<group>";
		};
		0E19B6FA29E0802700F92298 /* Products */ = {
			isa = PBXGroup;
			children = (
				0E19B6F929E0802700F92298 /* mice_wedding.app */,
			);
			name = Products;
			sourceTree = "<group>";
		};
		0E19B6FB29E0802700F92298 /* mice_wedding */ = {
			isa = PBXGroup;
			children = (
				0E1E94CB29E6B7B2003BE696 /* Scenes */,
				0E19B71929E3701600F92298 /* MediaAssets */,
				0E19B6FC29E0802700F92298 /* AppDelegate.swift */,
				0E19B70029E0802700F92298 /* Actions.sks */,
				0E19B70629E0802700F92298 /* Main.storyboard */,
				0E19B70B29E0802900F92298 /* LaunchScreen.storyboard */,
			);
			path = mice_wedding;
			sourceTree = "<group>";
		};
		0E19B71929E3701600F92298 /* MediaAssets */ = {
			isa = PBXGroup;
			children = (
				0E1ECB5729E7D3DA001D1681 /* N11_Credit */,
				0E1ECB5629E7D3C3001D1681 /* N10_FinalWin */,
				0E1ECB5529E7D3B1001D1681 /* N09_Level02Gameplay_OnGrass */,
				0E1ECB5429E7D3A9001D1681 /* N08_Level02Intro */,
				0E1ECB5329E7D39C001D1681 /* N07_Lose */,
				0E1ECB5229E7D38C001D1681 /* N06_WinLevel01 */,
				0E1ECB5129E7D338001D1681 /* N04_Level01Intro */,
				0E1ECB5029E7CF97001D1681 /* N05_Level01Gameplay_Village */,
				0E5D6D0629E6E65600716C76 /* N01_Intro */,
				0E5D6D0F29E6EC0600716C76 /* N02_OriginalStory */,
				0E5D6D1229E6F1F300716C76 /* N03_HowToPlay */,
				0E770D9629E5BB4100C11C22 /* leaf.png */,
			);
			path = MediaAssets;
			sourceTree = "<group>";
		};
		0E1E94CB29E6B7B2003BE696 /* Scenes */ = {
			isa = PBXGroup;
			children = (
				0E19B70429E0802700F92298 /* GameViewController.swift */,
				0E1E94CC29E6B7D1003BE696 /* N01_Intro.swift */,
				0E1E94CE29E6B7EC003BE696 /* N01_Intro.sks */,
				0E1E94D029E6B83E003BE696 /* N02_OriginalStory.swift */,
				0E1E94D229E6B852003BE696 /* N02_OriginalStory.sks */,
				0E1E94D429E6B866003BE696 /* N03_HowToPlay.swift */,
				0E1E94D629E6B87D003BE696 /* N03_HowToPlay.sks */,
				0E1E94D829E6B8AC003BE696 /* N04_Level01Intro.swift */,
				0E1E94DA29E6B8C0003BE696 /* N04_Level01Intro.sks */,
				0E19B71729E0813A00F92298 /* N05_Level01Gameplay_Village.swift */,
				0E19B71529E0809700F92298 /* N05_Level01Gameplay_Village.sks */,
				0E1E94E029E6B91C003BE696 /* N06_WinLevel01.swift */,
				0E1E94E229E6B92E003BE696 /* N06_WinLevel01.sks */,
				0E1E94E429E6B951003BE696 /* N07_Lose.swift */,
				0E1E94E629E6B960003BE696 /* N07_Lose.sks */,
				0E1E94E829E6B97D003BE696 /* N08_Level02Intro.swift */,
				0E1E94EA29E6B99C003BE696 /* N08_Level02Intro.sks */,
				0E770D9229E5A92A00C11C22 /* N09_Level02Gameplay_OnGrass.swift */,
				0E770D9429E5A93F00C11C22 /* N09_Level02Gameplay_OnGrass.sks */,
				0E1E94F029E6B9E2003BE696 /* N10_FinalWin.swift */,
				0E1E94F229E6B9EE003BE696 /* N10_FinalWin.sks */,
				0E1E94F429E6BA00003BE696 /* N11_Credit.swift */,
				0E1E94F629E6BA0E003BE696 /* N11_Credit.sks */,
			);
			path = Scenes;
			sourceTree = "<group>";
		};
		0E1ECB5029E7CF97001D1681 /* N05_Level01Gameplay_Village */ = {
			isa = PBXGroup;
			children = (
				0E19B71E29E4050700F92298 /* wall.sks */,
				0E770D9829E5C13C00C11C22 /* mouse.png */,
				0E19B71A29E3707900F92298 /* mouse_1.png */,
				0E19B72429E42CF200F92298 /* mouse_2.png */,
				0E19B72629E42CFE00F92298 /* mouse_3.png */,
				0E691FB329E797D70046F28F /* mouse_4.png */,
				0E19B71C29E371C700F92298 /* cat.png */,
				0EADE48F29E44E4D004B142D /* exitHole.png */,
			);
			path = N05_Level01Gameplay_Village;
			sourceTree = "<group>";
		};
		0E1ECB5129E7D338001D1681 /* N04_Level01Intro */ = {
			isa = PBXGroup;
			children = (
			);
			path = N04_Level01Intro;
			sourceTree = "<group>";
		};
		0E1ECB5229E7D38C001D1681 /* N06_WinLevel01 */ = {
			isa = PBXGroup;
			children = (
			);
			path = N06_WinLevel01;
			sourceTree = "<group>";
		};
		0E1ECB5329E7D39C001D1681 /* N07_Lose */ = {
			isa = PBXGroup;
			children = (
			);
			path = N07_Lose;
			sourceTree = "<group>";
		};
		0E1ECB5429E7D3A9001D1681 /* N08_Level02Intro */ = {
			isa = PBXGroup;
			children = (
			);
			path = N08_Level02Intro;
			sourceTree = "<group>";
		};
		0E1ECB5529E7D3B1001D1681 /* N09_Level02Gameplay_OnGrass */ = {
			isa = PBXGroup;
			children = (
			);
			path = N09_Level02Gameplay_OnGrass;
			sourceTree = "<group>";
		};
		0E1ECB5629E7D3C3001D1681 /* N10_FinalWin */ = {
			isa = PBXGroup;
			children = (
			);
			path = N10_FinalWin;
			sourceTree = "<group>";
		};
		0E1ECB5729E7D3DA001D1681 /* N11_Credit */ = {
			isa = PBXGroup;
			children = (
			);
			path = N11_Credit;
			sourceTree = "<group>";
		};
		0E5D6D0629E6E65600716C76 /* N01_Intro */ = {
			isa = PBXGroup;
			children = (
				0E5D6D0729E6E77C00716C76 /* Sound.mp3 */,
				0E5D6CFD29E6CC6700716C76 /* N01_background.png */,
				0E5D6D0929E6E7B900716C76 /* N01_button.png */,
				0E5D6D0B29E6E98100716C76 /* N01_cat.png */,
				0E5D6D0C29E6E98100716C76 /* N01_mice.png */,
			);
			path = N01_Intro;
			sourceTree = "<group>";
		};
		0E5D6D0F29E6EC0600716C76 /* N02_OriginalStory */ = {
			isa = PBXGroup;
			children = (
				0E5D6D1029E6EF3800716C76 /* N02_button.png */,
				0E5D6CFF29E6CC6B00716C76 /* N02_background.png */,
			);
			path = N02_OriginalStory;
			sourceTree = "<group>";
		};
		0E5D6D1229E6F1F300716C76 /* N03_HowToPlay */ = {
			isa = PBXGroup;
			children = (
				0E5D6D1529E6F25200716C76 /* N03_mouse.png */,
				0E5D6D1329E6F23200716C76 /* N03_button.png */,
				0E5D6D1729E6F40E00716C76 /* N03_background.png */,
			);
			path = N03_HowToPlay;
			sourceTree = "<group>";
		};
/* End PBXGroup section */

/* Begin PBXNativeTarget section */
		0E19B6F829E0802700F92298 /* mice_wedding */ = {
			isa = PBXNativeTarget;
			buildConfigurationList = 0E19B71029E0802900F92298 /* Build configuration list for PBXNativeTarget "mice_wedding" */;
			buildPhases = (
				0E19B6F529E0802700F92298 /* Sources */,
				0E19B6F629E0802700F92298 /* Frameworks */,
				0E19B6F729E0802700F92298 /* Resources */,
			);
			buildRules = (
			);
			dependencies = (
			);
			name = mice_wedding;
			productName = mice_wedding_02;
			productReference = 0E19B6F929E0802700F92298 /* mice_wedding.app */;
			productType = "com.apple.product-type.application";
		};
/* End PBXNativeTarget section */

/* Begin PBXProject section */
		0E19B6F129E0802700F92298 /* Project object */ = {
			isa = PBXProject;
			attributes = {
				BuildIndependentTargetsInParallel = 1;
				LastSwiftUpdateCheck = 1430;
				LastUpgradeCheck = 1430;
				TargetAttributes = {
					0E19B6F829E0802700F92298 = {
						CreatedOnToolsVersion = 14.3;
					};
				};
			};
			buildConfigurationList = 0E19B6F429E0802700F92298 /* Build configuration list for PBXProject "mice_wedding" */;
			compatibilityVersion = "Xcode 14.0";
			developmentRegion = en;
			hasScannedForEncodings = 0;
			knownRegions = (
				en,
				Base,
			);
			mainGroup = 0E19B6F029E0802700F92298;
			productRefGroup = 0E19B6FA29E0802700F92298 /* Products */;
			projectDirPath = "";
			projectRoot = "";
			targets = (
				0E19B6F829E0802700F92298 /* mice_wedding */,
			);
		};
/* End PBXProject section */

/* Begin PBXResourcesBuildPhase section */
		0E19B6F729E0802700F92298 /* Resources */ = {
			isa = PBXResourcesBuildPhase;
			buildActionMask = 2147483647;
			files = (
				0E5D6D0D29E6E98100716C76 /* N01_cat.png in Resources */,
				0E5D6D0829E6E77C00716C76 /* Sound.mp3 in Resources */,
				0E5D6D0029E6CC6B00716C76 /* N02_background.png in Resources */,
				0E19B70829E0802700F92298 /* Main.storyboard in Resources */,
				0E5D6D1129E6EF3800716C76 /* N02_button.png in Resources */,
				0E1E94F729E6BA0E003BE696 /* N11_Credit.sks in Resources */,
				0E19B72729E42CFE00F92298 /* mouse_3.png in Resources */,
				0E770D9529E5A93F00C11C22 /* N09_Level02Gameplay_OnGrass.sks in Resources */,
				0E5D6CFE29E6CC6700716C76 /* N01_background.png in Resources */,
				0E1E94F329E6B9EE003BE696 /* N10_FinalWin.sks in Resources */,
				0E5D6D1429E6F23200716C76 /* N03_button.png in Resources */,
				0E5D6D0E29E6E98100716C76 /* N01_mice.png in Resources */,
				0E19B71F29E4050700F92298 /* wall.sks in Resources */,
				0E19B72529E42CF200F92298 /* mouse_2.png in Resources */,
				0EADE49029E44E4D004B142D /* exitHole.png in Resources */,
				0E1E94E329E6B92E003BE696 /* N06_WinLevel01.sks in Resources */,
				0E5D6D1829E6F40E00716C76 /* N03_background.png in Resources */,
				0E1E94CF29E6B7EC003BE696 /* N01_Intro.sks in Resources */,
				0E1E94DB29E6B8C0003BE696 /* N04_Level01Intro.sks in Resources */,
				0E19B71D29E371C700F92298 /* cat.png in Resources */,
				0E1E94E729E6B960003BE696 /* N07_Lose.sks in Resources */,
				0E770D9929E5C13C00C11C22 /* mouse.png in Resources */,
				0E691FB429E797D70046F28F /* mouse_4.png in Resources */,
				0E1E94D329E6B852003BE696 /* N02_OriginalStory.sks in Resources */,
				0E1E94EB29E6B99C003BE696 /* N08_Level02Intro.sks in Resources */,
				0E19B71629E0809700F92298 /* N05_Level01Gameplay_Village.sks in Resources */,
				0E19B70D29E0802900F92298 /* LaunchScreen.storyboard in Resources */,
				0E5D6D1629E6F25200716C76 /* N03_mouse.png in Resources */,
				0E5D6D0A29E6E7B900716C76 /* N01_button.png in Resources */,
				0E19B70129E0802700F92298 /* Actions.sks in Resources */,
				0E770D9729E5BB4100C11C22 /* leaf.png in Resources */,
				0E1E94D729E6B87D003BE696 /* N03_HowToPlay.sks in Resources */,
				0E19B71B29E3707900F92298 /* mouse_1.png in Resources */,
			);
			runOnlyForDeploymentPostprocessing = 0;
		};
/* End PBXResourcesBuildPhase section */

/* Begin PBXSourcesBuildPhase section */
		0E19B6F529E0802700F92298 /* Sources */ = {
			isa = PBXSourcesBuildPhase;
			buildActionMask = 2147483647;
			files = (
				0E1E94F529E6BA00003BE696 /* N11_Credit.swift in Sources */,
				0E1E94D929E6B8AC003BE696 /* N04_Level01Intro.swift in Sources */,
				0E770D9329E5A92A00C11C22 /* N09_Level02Gameplay_OnGrass.swift in Sources */,
				0E1E94E529E6B951003BE696 /* N07_Lose.swift in Sources */,
				0E19B71829E0813A00F92298 /* N05_Level01Gameplay_Village.swift in Sources */,
				0E1E94CD29E6B7D1003BE696 /* N01_Intro.swift in Sources */,
				0E1E94E929E6B97D003BE696 /* N08_Level02Intro.swift in Sources */,
				0E1E94D529E6B866003BE696 /* N03_HowToPlay.swift in Sources */,
				0E19B70529E0802700F92298 /* GameViewController.swift in Sources */,
				0E1E94D129E6B83E003BE696 /* N02_OriginalStory.swift in Sources */,
				0E19B6FD29E0802700F92298 /* AppDelegate.swift in Sources */,
				0E1E94F129E6B9E2003BE696 /* N10_FinalWin.swift in Sources */,
				0E1E94E129E6B91C003BE696 /* N06_WinLevel01.swift in Sources */,
			);
			runOnlyForDeploymentPostprocessing = 0;
		};
/* End PBXSourcesBuildPhase section */

/* Begin PBXVariantGroup section */
		0E19B70629E0802700F92298 /* Main.storyboard */ = {
			isa = PBXVariantGroup;
			children = (
				0E19B70729E0802700F92298 /* Base */,
			);
			name = Main.storyboard;
			sourceTree = "<group>";
		};
		0E19B70B29E0802900F92298 /* LaunchScreen.storyboard */ = {
			isa = PBXVariantGroup;
			children = (
				0E19B70C29E0802900F92298 /* Base */,
			);
			name = LaunchScreen.storyboard;
			sourceTree = "<group>";
		};
/* End PBXVariantGroup section */

/* Begin XCBuildConfiguration section */
		0E19B70E29E0802900F92298 /* Debug */ = {
			isa = XCBuildConfiguration;
			buildSettings = {
				ALWAYS_SEARCH_USER_PATHS = NO;
				CLANG_ANALYZER_NONNULL = YES;
				CLANG_ANALYZER_NUMBER_OBJECT_CONVERSION = YES_AGGRESSIVE;
				CLANG_CXX_LANGUAGE_STANDARD = "gnu++20";
				CLANG_ENABLE_MODULES = YES;
				CLANG_ENABLE_OBJC_ARC = YES;
				CLANG_ENABLE_OBJC_WEAK = YES;
				CLANG_WARN_BLOCK_CAPTURE_AUTORELEASING = YES;
				CLANG_WARN_BOOL_CONVERSION = YES;
				CLANG_WARN_COMMA = YES;
				CLANG_WARN_CONSTANT_CONVERSION = YES;
				CLANG_WARN_DEPRECATED_OBJC_IMPLEMENTATIONS = YES;
				CLANG_WARN_DIRECT_OBJC_ISA_USAGE = YES_ERROR;
				CLANG_WARN_DOCUMENTATION_COMMENTS = YES;
				CLANG_WARN_EMPTY_BODY = YES;
				CLANG_WARN_ENUM_CONVERSION = YES;
				CLANG_WARN_INFINITE_RECURSION = YES;
				CLANG_WARN_INT_CONVERSION = YES;
				CLANG_WARN_NON_LITERAL_NULL_CONVERSION = YES;
				CLANG_WARN_OBJC_IMPLICIT_RETAIN_SELF = YES;
				CLANG_WARN_OBJC_LITERAL_CONVERSION = YES;
				CLANG_WARN_OBJC_ROOT_CLASS = YES_ERROR;
				CLANG_WARN_QUOTED_INCLUDE_IN_FRAMEWORK_HEADER = YES;
				CLANG_WARN_RANGE_LOOP_ANALYSIS = YES;
				CLANG_WARN_STRICT_PROTOTYPES = YES;
				CLANG_WARN_SUSPICIOUS_MOVE = YES;
				CLANG_WARN_UNGUARDED_AVAILABILITY = YES_AGGRESSIVE;
				CLANG_WARN_UNREACHABLE_CODE = YES;
				CLANG_WARN__DUPLICATE_METHOD_MATCH = YES;
				COPY_PHASE_STRIP = NO;
				DEBUG_INFORMATION_FORMAT = dwarf;
				ENABLE_STRICT_OBJC_MSGSEND = YES;
				ENABLE_TESTABILITY = YES;
				GCC_C_LANGUAGE_STANDARD = gnu11;
				GCC_DYNAMIC_NO_PIC = NO;
				GCC_NO_COMMON_BLOCKS = YES;
				GCC_OPTIMIZATION_LEVEL = 0;
				GCC_PREPROCESSOR_DEFINITIONS = (
					"DEBUG=1",
					"$(inherited)",
				);
				GCC_WARN_64_TO_32_BIT_CONVERSION = YES;
				GCC_WARN_ABOUT_RETURN_TYPE = YES_ERROR;
				GCC_WARN_UNDECLARED_SELECTOR = YES;
				GCC_WARN_UNINITIALIZED_AUTOS = YES_AGGRESSIVE;
				GCC_WARN_UNUSED_FUNCTION = YES;
				GCC_WARN_UNUSED_VARIABLE = YES;
				IPHONEOS_DEPLOYMENT_TARGET = 16.2;
				MTL_ENABLE_DEBUG_INFO = INCLUDE_SOURCE;
				MTL_FAST_MATH = YES;
				ONLY_ACTIVE_ARCH = YES;
				SDKROOT = iphoneos;
				SWIFT_ACTIVE_COMPILATION_CONDITIONS = DEBUG;
				SWIFT_OPTIMIZATION_LEVEL = "-Onone";
			};
			name = Debug;
		};
		0E19B70F29E0802900F92298 /* Release */ = {
			isa = XCBuildConfiguration;
			buildSettings = {
				ALWAYS_SEARCH_USER_PATHS = NO;
				CLANG_ANALYZER_NONNULL = YES;
				CLANG_ANALYZER_NUMBER_OBJECT_CONVERSION = YES_AGGRESSIVE;
				CLANG_CXX_LANGUAGE_STANDARD = "gnu++20";
				CLANG_ENABLE_MODULES = YES;
				CLANG_ENABLE_OBJC_ARC = YES;
				CLANG_ENABLE_OBJC_WEAK = YES;
				CLANG_WARN_BLOCK_CAPTURE_AUTORELEASING = YES;
				CLANG_WARN_BOOL_CONVERSION = YES;
				CLANG_WARN_COMMA = YES;
				CLANG_WARN_CONSTANT_CONVERSION = YES;
				CLANG_WARN_DEPRECATED_OBJC_IMPLEMENTATIONS = YES;
				CLANG_WARN_DIRECT_OBJC_ISA_USAGE = YES_ERROR;
				CLANG_WARN_DOCUMENTATION_COMMENTS = YES;
				CLANG_WARN_EMPTY_BODY = YES;
				CLANG_WARN_ENUM_CONVERSION = YES;
				CLANG_WARN_INFINITE_RECURSION = YES;
				CLANG_WARN_INT_CONVERSION = YES;
				CLANG_WARN_NON_LITERAL_NULL_CONVERSION = YES;
				CLANG_WARN_OBJC_IMPLICIT_RETAIN_SELF = YES;
				CLANG_WARN_OBJC_LITERAL_CONVERSION = YES;
				CLANG_WARN_OBJC_ROOT_CLASS = YES_ERROR;
				CLANG_WARN_QUOTED_INCLUDE_IN_FRAMEWORK_HEADER = YES;
				CLANG_WARN_RANGE_LOOP_ANALYSIS = YES;
				CLANG_WARN_STRICT_PROTOTYPES = YES;
				CLANG_WARN_SUSPICIOUS_MOVE = YES;
				CLANG_WARN_UNGUARDED_AVAILABILITY = YES_AGGRESSIVE;
				CLANG_WARN_UNREACHABLE_CODE = YES;
				CLANG_WARN__DUPLICATE_METHOD_MATCH = YES;
				COPY_PHASE_STRIP = NO;
				DEBUG_INFORMATION_FORMAT = "dwarf-with-dsym";
				ENABLE_NS_ASSERTIONS = NO;
				ENABLE_STRICT_OBJC_MSGSEND = YES;
				GCC_C_LANGUAGE_STANDARD = gnu11;
				GCC_NO_COMMON_BLOCKS = YES;
				GCC_WARN_64_TO_32_BIT_CONVERSION = YES;
				GCC_WARN_ABOUT_RETURN_TYPE = YES_ERROR;
				GCC_WARN_UNDECLARED_SELECTOR = YES;
				GCC_WARN_UNINITIALIZED_AUTOS = YES_AGGRESSIVE;
				GCC_WARN_UNUSED_FUNCTION = YES;
				GCC_WARN_UNUSED_VARIABLE = YES;
				IPHONEOS_DEPLOYMENT_TARGET = 16.2;
				MTL_ENABLE_DEBUG_INFO = NO;
				MTL_FAST_MATH = YES;
				SDKROOT = iphoneos;
				SWIFT_COMPILATION_MODE = wholemodule;
				SWIFT_OPTIMIZATION_LEVEL = "-O";
				VALIDATE_PRODUCT = YES;
			};
			name = Release;
		};
		0E19B71129E0802900F92298 /* Debug */ = {
			isa = XCBuildConfiguration;
			buildSettings = {
				ASSETCATALOG_COMPILER_APPICON_NAME = AppIcon;
				ASSETCATALOG_COMPILER_GLOBAL_ACCENT_COLOR_NAME = AccentColor;
				CODE_SIGN_STYLE = Automatic;
				CURRENT_PROJECT_VERSION = 1;
				DEVELOPMENT_TEAM = 9X3WSP762G;
				GENERATE_INFOPLIST_FILE = YES;
				INFOPLIST_KEY_LSApplicationCategoryType = "public.app-category.educational-games";
				INFOPLIST_KEY_UIApplicationSupportsIndirectInputEvents = YES;
				INFOPLIST_KEY_UILaunchStoryboardName = LaunchScreen;
				INFOPLIST_KEY_UIMainStoryboardFile = Main;
				INFOPLIST_KEY_UIStatusBarHidden = YES;
				INFOPLIST_KEY_UISupportedInterfaceOrientations_iPad = UIInterfaceOrientationLandscapeLeft;
				IPHONEOS_DEPLOYMENT_TARGET = 16.2;
				LD_RUNPATH_SEARCH_PATHS = (
					"$(inherited)",
					"@executable_path/Frameworks",
				);
				MARKETING_VERSION = 1.0;
				PRODUCT_BUNDLE_IDENTIFIER = "Thanh-Nguyen.mice-wedding-02";
				PRODUCT_NAME = "$(TARGET_NAME)";
				SWIFT_EMIT_LOC_STRINGS = YES;
				SWIFT_VERSION = 5.0;
				TARGETED_DEVICE_FAMILY = "1,2";
			};
			name = Debug;
		};
		0E19B71229E0802900F92298 /* Release */ = {
			isa = XCBuildConfiguration;
			buildSettings = {
				ASSETCATALOG_COMPILER_APPICON_NAME = AppIcon;
				ASSETCATALOG_COMPILER_GLOBAL_ACCENT_COLOR_NAME = AccentColor;
				CODE_SIGN_STYLE = Automatic;
				CURRENT_PROJECT_VERSION = 1;
				DEVELOPMENT_TEAM = 9X3WSP762G;
				GENERATE_INFOPLIST_FILE = YES;
				INFOPLIST_KEY_LSApplicationCategoryType = "public.app-category.educational-games";
				INFOPLIST_KEY_UIApplicationSupportsIndirectInputEvents = YES;
				INFOPLIST_KEY_UILaunchStoryboardName = LaunchScreen;
				INFOPLIST_KEY_UIMainStoryboardFile = Main;
				INFOPLIST_KEY_UIStatusBarHidden = YES;
				INFOPLIST_KEY_UISupportedInterfaceOrientations_iPad = UIInterfaceOrientationLandscapeLeft;
				IPHONEOS_DEPLOYMENT_TARGET = 16.2;
				LD_RUNPATH_SEARCH_PATHS = (
					"$(inherited)",
					"@executable_path/Frameworks",
				);
				MARKETING_VERSION = 1.0;
				PRODUCT_BUNDLE_IDENTIFIER = "Thanh-Nguyen.mice-wedding-02";
				PRODUCT_NAME = "$(TARGET_NAME)";
				SWIFT_EMIT_LOC_STRINGS = YES;
				SWIFT_VERSION = 5.0;
				TARGETED_DEVICE_FAMILY = "1,2";
			};
			name = Release;
		};
/* End XCBuildConfiguration section */

/* Begin XCConfigurationList section */
		0E19B6F429E0802700F92298 /* Build configuration list for PBXProject "mice_wedding" */ = {
			isa = XCConfigurationList;
			buildConfigurations = (
				0E19B70E29E0802900F92298 /* Debug */,
				0E19B70F29E0802900F92298 /* Release */,
			);
			defaultConfigurationIsVisible = 0;
			defaultConfigurationName = Release;
		};
		0E19B71029E0802900F92298 /* Build configuration list for PBXNativeTarget "mice_wedding" */ = {
			isa = XCConfigurationList;
			buildConfigurations = (
				0E19B71129E0802900F92298 /* Debug */,
				0E19B71229E0802900F92298 /* Release */,
			);
			defaultConfigurationIsVisible = 0;
			defaultConfigurationName = Release;
		};
/* End XCConfigurationList section */
	};
	rootObject = 0E19B6F129E0802700F92298 /* Project object */;
}
